
Microsoft Visual Studio Solution File, Format Version 12.00
# Visual Studio Version 17
VisualStudioVersion = 17.7.34031.279
MinimumVisualStudioVersion = 10.0.40219.1
Project("{FAE04EC0-301F-11D3-BF4B-00C04F79EFBC}") = "Client", "Client\Client.csproj", "{4365AA24-A0B4-4941-81FB-D47DAA7AAD23}"
EndProject
Project("{FAE04EC0-301F-11D3-BF4B-00C04F79EFBC}") = "Server", "Server\Server.csproj", "{1816AF08-7867-4DA3-A28F-127684ABAD8B}"
EndProject
Project("{FAE04EC0-301F-11D3-BF4B-00C04F79EFBC}") = "ClientConsole", "ClientConsole\ClientConsole.csproj", "{E3F5AC3C-D1DF-4966-9E0E-066E41730F2B}"
EndProject
Global
	GlobalSection(SolutionConfigurationPlatforms) = preSolution
		Debug|Any CPU = Debug|Any CPU
		Release|Any CPU = Release|Any CPU
	EndGlobalSection
	GlobalSection(ProjectConfigurationPlatforms) = postSolution
		{4365AA24-A0B4-4941-81FB-D47DAA7AAD23}.Debug|Any CPU.ActiveCfg = Debug|Any CPU
		{4365AA24-A0B4-4941-81FB-D47DAA7AAD23}.Debug|Any CPU.Build.0 = Debug|Any CPU
		{4365AA24-A0B4-4941-81FB-D47DAA7AAD23}.Release|Any CPU.ActiveCfg = Release|Any CPU
		{4365AA24-A0B4-4941-81FB-D47DAA7AAD23}.Release|Any CPU.Build.0 = Release|Any CPU
		{1816AF08-7867-4DA3-A28F-127684ABAD8B}.Debug|Any CPU.ActiveCfg = Debug|Any CPU
		{1816AF08-7867-4DA3-A28F-127684ABAD8B}.Debug|Any CPU.Build.0 = Debug|Any CPU
		{1816AF08-7867-4DA3-A28F-127684ABAD8B}.Release|Any CPU.ActiveCfg = Release|Any CPU
		{1816AF08-7867-4DA3-A28F-127684ABAD8B}.Release|Any CPU.Build.0 = Release|Any CPU
		{E3F5AC3C-D1DF-4966-9E0E-066E41730F2B}.Debug|Any CPU.ActiveCfg = Debug|Any CPU
		{E3F5AC3C-D1DF-4966-9E0E-066E41730F2B}.Debug|Any CPU.Build.0 = Debug|Any CPU
		{E3F5AC3C-D1DF-4966-9E0E-066E41730F2B}.Release|Any CPU.ActiveCfg = Release|Any CPU
		{E3F5AC3C-D1DF-4966-9E0E-066E41730F2B}.Release|Any CPU.Build.0 = Release|Any CPU
	EndGlobalSection
	GlobalSection(SolutionProperties) = preSolution
		HideSolutionNode = FALSE
	EndGlobalSection
	GlobalSection(ExtensibilityGlobals) = postSolution
		SolutionGuid = {EF972ABF-BE49-428D-92B3-4ACADA11A55C}
	EndGlobalSection
EndGlobal
